
Microsoft Visual Studio Solution File, Format Version 12.00
# Visual Studio Version 17
VisualStudioVersion = 17.14.36221.1
MinimumVisualStudioVersion = 10.0.40219.1
Project("{FAE04EC0-301F-11D3-BF4B-00C04F79EFBC}") = "ders01", "ders1\ders01.csproj", "{F9265659-6AB2-4618-AE6F-828E1F141F83}"
EndProject
Project("{FAE04EC0-301F-11D3-BF4B-00C04F79EFBC}") = "ders02_Variables", "ders2_Variables\ders02_Variables.csproj", "{C005A838-D89C-4489-AE9D-F5D524AD1632}"
EndProject
Project("{FAE04EC0-301F-11D3-BF4B-00C04F79EFBC}") = "ders03_if.else", "ders3\ders03_if.else.csproj", "{BC07CF71-DA0C-4B5C-8EBD-5ADFD4096306}"
EndProject
Project("{FAE04EC0-301F-11D3-BF4B-00C04F79EFBC}") = "ders04_Loops", "ders4_Loops\ders04_Loops.csproj", "{BE462295-EEA5-46A9-9E83-49A68A3EA7CB}"
EndProject
Project("{FAE04EC0-301F-11D3-BF4B-00C04F79EFBC}") = "ders05_loops2", "ders5\ders05_loops2.csproj", "{84FE1832-1C37-4B60-B10E-5CF6FC04BCD9}"
EndProject
Project("{FAE04EC0-301F-11D3-BF4B-00C04F79EFBC}") = "ders06_arrays", "ders6_diziler\ders06_arrays.csproj", "{6C30E8EA-FA7A-48BA-8C92-952AD30F944E}"
EndProject
Project("{FAE04EC0-301F-11D3-BF4B-00C04F79EFBC}") = "ders07_foreachLoops", "ders7_foreachLoops\ders07_foreachLoops.csproj", "{6377A56E-1E30-40B2-B114-B3DF30888EF2}"
EndProject
Project("{FAE04EC0-301F-11D3-BF4B-00C04F79EFBC}") = "ders08_methods", "ders8_methods\ders08_methods.csproj", "{92989484-D867-45B0-8639-DA09702DFDDF}"
EndProject
Project("{FAE04EC0-301F-11D3-BF4B-00C04F79EFBC}") = "ders09_DatabaseProject", "ders9_sqlVeritabanı\ders09_DatabaseProject.csproj", "{144F458E-D59D-4EED-8226-FFB639CC3C90}"
EndProject
Project("{FAE04EC0-301F-11D3-BF4B-00C04F79EFBC}") = "ders10_DatabaseCrud", "ders10_DatabaseCrud\ders10_DatabaseCrud.csproj", "{BB1D76A6-F835-4246-BCCC-1664BE8F5F51}"
EndProject
Global
	GlobalSection(SolutionConfigurationPlatforms) = preSolution
		Debug|Any CPU = Debug|Any CPU
		Release|Any CPU = Release|Any CPU
	EndGlobalSection
	GlobalSection(ProjectConfigurationPlatforms) = postSolution
		{F9265659-6AB2-4618-AE6F-828E1F141F83}.Debug|Any CPU.ActiveCfg = Debug|Any CPU
		{F9265659-6AB2-4618-AE6F-828E1F141F83}.Debug|Any CPU.Build.0 = Debug|Any CPU
		{F9265659-6AB2-4618-AE6F-828E1F141F83}.Release|Any CPU.ActiveCfg = Release|Any CPU
		{F9265659-6AB2-4618-AE6F-828E1F141F83}.Release|Any CPU.Build.0 = Release|Any CPU
		{C005A838-D89C-4489-AE9D-F5D524AD1632}.Debug|Any CPU.ActiveCfg = Debug|Any CPU
		{C005A838-D89C-4489-AE9D-F5D524AD1632}.Debug|Any CPU.Build.0 = Debug|Any CPU
		{C005A838-D89C-4489-AE9D-F5D524AD1632}.Release|Any CPU.ActiveCfg = Release|Any CPU
		{C005A838-D89C-4489-AE9D-F5D524AD1632}.Release|Any CPU.Build.0 = Release|Any CPU
		{BC07CF71-DA0C-4B5C-8EBD-5ADFD4096306}.Debug|Any CPU.ActiveCfg = Debug|Any CPU
		{BC07CF71-DA0C-4B5C-8EBD-5ADFD4096306}.Debug|Any CPU.Build.0 = Debug|Any CPU
		{BC07CF71-DA0C-4B5C-8EBD-5ADFD4096306}.Release|Any CPU.ActiveCfg = Release|Any CPU
		{BC07CF71-DA0C-4B5C-8EBD-5ADFD4096306}.Release|Any CPU.Build.0 = Release|Any CPU
		{BE462295-EEA5-46A9-9E83-49A68A3EA7CB}.Debug|Any CPU.ActiveCfg = Debug|Any CPU
		{BE462295-EEA5-46A9-9E83-49A68A3EA7CB}.Debug|Any CPU.Build.0 = Debug|Any CPU
		{BE462295-EEA5-46A9-9E83-49A68A3EA7CB}.Release|Any CPU.ActiveCfg = Release|Any CPU
		{BE462295-EEA5-46A9-9E83-49A68A3EA7CB}.Release|Any CPU.Build.0 = Release|Any CPU
		{84FE1832-1C37-4B60-B10E-5CF6FC04BCD9}.Debug|Any CPU.ActiveCfg = Debug|Any CPU
		{84FE1832-1C37-4B60-B10E-5CF6FC04BCD9}.Debug|Any CPU.Build.0 = Debug|Any CPU
		{84FE1832-1C37-4B60-B10E-5CF6FC04BCD9}.Release|Any CPU.ActiveCfg = Release|Any CPU
		{84FE1832-1C37-4B60-B10E-5CF6FC04BCD9}.Release|Any CPU.Build.0 = Release|Any CPU
		{6C30E8EA-FA7A-48BA-8C92-952AD30F944E}.Debug|Any CPU.ActiveCfg = Debug|Any CPU
		{6C30E8EA-FA7A-48BA-8C92-952AD30F944E}.Debug|Any CPU.Build.0 = Debug|Any CPU
		{6C30E8EA-FA7A-48BA-8C92-952AD30F944E}.Release|Any CPU.ActiveCfg = Release|Any CPU
		{6C30E8EA-FA7A-48BA-8C92-952AD30F944E}.Release|Any CPU.Build.0 = Release|Any CPU
		{6377A56E-1E30-40B2-B114-B3DF30888EF2}.Debug|Any CPU.ActiveCfg = Debug|Any CPU
		{6377A56E-1E30-40B2-B114-B3DF30888EF2}.Debug|Any CPU.Build.0 = Debug|Any CPU
		{6377A56E-1E30-40B2-B114-B3DF30888EF2}.Release|Any CPU.ActiveCfg = Release|Any CPU
		{6377A56E-1E30-40B2-B114-B3DF30888EF2}.Release|Any CPU.Build.0 = Release|Any CPU
		{92989484-D867-45B0-8639-DA09702DFDDF}.Debug|Any CPU.ActiveCfg = Debug|Any CPU
		{92989484-D867-45B0-8639-DA09702DFDDF}.Debug|Any CPU.Build.0 = Debug|Any CPU
		{92989484-D867-45B0-8639-DA09702DFDDF}.Release|Any CPU.ActiveCfg = Release|Any CPU
		{92989484-D867-45B0-8639-DA09702DFDDF}.Release|Any CPU.Build.0 = Release|Any CPU
		{144F458E-D59D-4EED-8226-FFB639CC3C90}.Debug|Any CPU.ActiveCfg = Debug|Any CPU
		{144F458E-D59D-4EED-8226-FFB639CC3C90}.Debug|Any CPU.Build.0 = Debug|Any CPU
		{144F458E-D59D-4EED-8226-FFB639CC3C90}.Release|Any CPU.ActiveCfg = Release|Any CPU
		{144F458E-D59D-4EED-8226-FFB639CC3C90}.Release|Any CPU.Build.0 = Release|Any CPU
		{BB1D76A6-F835-4246-BCCC-1664BE8F5F51}.Debug|Any CPU.ActiveCfg = Debug|Any CPU
		{BB1D76A6-F835-4246-BCCC-1664BE8F5F51}.Debug|Any CPU.Build.0 = Debug|Any CPU
		{BB1D76A6-F835-4246-BCCC-1664BE8F5F51}.Release|Any CPU.ActiveCfg = Release|Any CPU
		{BB1D76A6-F835-4246-BCCC-1664BE8F5F51}.Release|Any CPU.Build.0 = Release|Any CPU
	EndGlobalSection
	GlobalSection(SolutionProperties) = preSolution
		HideSolutionNode = FALSE
	EndGlobalSection
	GlobalSection(ExtensibilityGlobals) = postSolution
		SolutionGuid = {AF2935AB-51E1-4F3E-8DB6-19CA5AF23A02}
	EndGlobalSection
EndGlobal
